# THIS IS AN AUTOGENERATED FILE. DO NOT EDIT THIS FILE DIRECTLY.
# yarn lockfile v1


yaml@^2.7.1:
  version "2.7.1"
  resolved "https://registry.yarnpkg.com/yaml/-/yaml-2.7.1.tgz#44a247d1b88523855679ac7fa7cda6ed7e135cf6"
  integrity sha512-10ULxpnOCQXxJvBgxsn9ptjq6uviG/htZKk9veJGhlqn3w/DxQ631zFF+nlQXLwmImeS5amR2dl2U8sg6U9jsQ==
